
Microsoft Visual Studio Solution File, Format Version 12.00
# Visual Studio 15
VisualStudioVersion = 15.0.27130.2024
MinimumVisualStudioVersion = 10.0.40219.1
Project("{FAE04EC0-301F-11D3-BF4B-00C04F79EFBC}") = "BTRun", "BTRun\BTRun.csproj", "{D62B9D53-C7F1-47E9-B6D8-371E06FACAEF}"
EndProject
Project("{FAE04EC0-301F-11D3-BF4B-00C04F79EFBC}") = "BTTests.Unit", "BTTests\BTTests.Unit.csproj", "{3C729E76-304F-4779-BEF9-3A206F49B36C}"
EndProject
Project("{FAE04EC0-301F-11D3-BF4B-00C04F79EFBC}") = "BTTests.Integration", "BTTests.Integration\BTTests.Integration.csproj", "{AA392220-D6D1-4D22-8540-2E37BE8C158E}"
EndProject
Project("{00D1A9C2-B5F0-4AF3-8072-F6C62B433612}") = "BTDatabase", "BTDatabase\BTDatabase.sqlproj", "{B041DD52-5AC6-4250-878E-0AAF1D1C6155}"
EndProject
Global
	GlobalSection(SolutionConfigurationPlatforms) = preSolution
		Debug|Any CPU = Debug|Any CPU
		Release|Any CPU = Release|Any CPU
	EndGlobalSection
	GlobalSection(ProjectConfigurationPlatforms) = postSolution
		{D62B9D53-C7F1-47E9-B6D8-371E06FACAEF}.Debug|Any CPU.ActiveCfg = Debug|Any CPU
		{D62B9D53-C7F1-47E9-B6D8-371E06FACAEF}.Debug|Any CPU.Build.0 = Debug|Any CPU
		{D62B9D53-C7F1-47E9-B6D8-371E06FACAEF}.Release|Any CPU.ActiveCfg = Release|Any CPU
		{D62B9D53-C7F1-47E9-B6D8-371E06FACAEF}.Release|Any CPU.Build.0 = Release|Any CPU
		{3C729E76-304F-4779-BEF9-3A206F49B36C}.Debug|Any CPU.ActiveCfg = Debug|Any CPU
		{3C729E76-304F-4779-BEF9-3A206F49B36C}.Debug|Any CPU.Build.0 = Debug|Any CPU
		{3C729E76-304F-4779-BEF9-3A206F49B36C}.Release|Any CPU.ActiveCfg = Release|Any CPU
		{3C729E76-304F-4779-BEF9-3A206F49B36C}.Release|Any CPU.Build.0 = Release|Any CPU
		{AA392220-D6D1-4D22-8540-2E37BE8C158E}.Debug|Any CPU.ActiveCfg = Debug|Any CPU
		{AA392220-D6D1-4D22-8540-2E37BE8C158E}.Debug|Any CPU.Build.0 = Debug|Any CPU
		{AA392220-D6D1-4D22-8540-2E37BE8C158E}.Release|Any CPU.ActiveCfg = Release|Any CPU
		{AA392220-D6D1-4D22-8540-2E37BE8C158E}.Release|Any CPU.Build.0 = Release|Any CPU
		{B041DD52-5AC6-4250-878E-0AAF1D1C6155}.Debug|Any CPU.ActiveCfg = Debug|Any CPU
		{B041DD52-5AC6-4250-878E-0AAF1D1C6155}.Debug|Any CPU.Build.0 = Debug|Any CPU
		{B041DD52-5AC6-4250-878E-0AAF1D1C6155}.Debug|Any CPU.Deploy.0 = Debug|Any CPU
		{B041DD52-5AC6-4250-878E-0AAF1D1C6155}.Release|Any CPU.ActiveCfg = Release|Any CPU
		{B041DD52-5AC6-4250-878E-0AAF1D1C6155}.Release|Any CPU.Build.0 = Release|Any CPU
		{B041DD52-5AC6-4250-878E-0AAF1D1C6155}.Release|Any CPU.Deploy.0 = Release|Any CPU
	EndGlobalSection
	GlobalSection(SolutionProperties) = preSolution
		HideSolutionNode = FALSE
	EndGlobalSection
	GlobalSection(ExtensibilityGlobals) = postSolution
		SolutionGuid = {51B84E1A-84EB-4E0E-A4DD-5D65A904FA78}
	EndGlobalSection
EndGlobal
